// !$*UTF8*$!
{
	archiveVersion = 1;
	classes = {
	};
	objectVersion = 50;
	objects = {

/* Begin PBXBuildFile section */
		551C27AF244324600040DC28 /* AppDelegate.swift in Sources */ = {isa = PBXBuildFile; fileRef = 551C27AE244324600040DC28 /* AppDelegate.swift */; };
		551C27B1244324600040DC28 /* SceneDelegate.swift in Sources */ = {isa = PBXBuildFile; fileRef = 551C27B0244324600040DC28 /* SceneDelegate.swift */; };
		551C27B4244324600040DC28 /* Smallblueq.xcdatamodeld in Sources */ = {isa = PBXBuildFile; fileRef = 551C27B2244324600040DC28 /* Smallblueq.xcdatamodeld */; };
		551C27B6244324600040DC28 /* CharacterList.swift in Sources */ = {isa = PBXBuildFile; fileRef = 551C27B5244324600040DC28 /* CharacterList.swift */; };
		551C27B8244324640040DC28 /* Assets.xcassets in Resources */ = {isa = PBXBuildFile; fileRef = 551C27B7244324640040DC28 /* Assets.xcassets */; };
		551C27BB244324640040DC28 /* Preview Assets.xcassets in Resources */ = {isa = PBXBuildFile; fileRef = 551C27BA244324640040DC28 /* Preview Assets.xcassets */; };
		551C27BE244324640040DC28 /* LaunchScreen.storyboard in Resources */ = {isa = PBXBuildFile; fileRef = 551C27BC244324640040DC28 /* LaunchScreen.storyboard */; };
		551C27C624432FCF0040DC28 /* CharacterDetail.swift in Sources */ = {isa = PBXBuildFile; fileRef = 551C27C524432FCF0040DC28 /* CharacterDetail.swift */; };
		551C27C8244330120040DC28 /* Character.swift in Sources */ = {isa = PBXBuildFile; fileRef = 551C27C7244330120040DC28 /* Character.swift */; };
		551C27CA2443303D0040DC28 /* CharacterData.swift in Sources */ = {isa = PBXBuildFile; fileRef = 551C27C92443303D0040DC28 /* CharacterData.swift */; };
		551C27CC244357090040DC28 /* CharacterRow.swift in Sources */ = {isa = PBXBuildFile; fileRef = 551C27CB244357090040DC28 /* CharacterRow.swift */; };
		551C27CE2443577A0040DC28 /* AppView.swift in Sources */ = {isa = PBXBuildFile; fileRef = 551C27CD2443577A0040DC28 /* AppView.swift */; };
		551C27D0244357E10040DC28 /* CharacterOverview.swift in Sources */ = {isa = PBXBuildFile; fileRef = 551C27CF244357E10040DC28 /* CharacterOverview.swift */; };
/* End PBXBuildFile section */

/* Begin PBXFileReference section */
		331402AB24449A2000444ECF /* Werewolf.entitlements */ = {isa = PBXFileReference; lastKnownFileType = text.plist.entitlements; path = Werewolf.entitlements; sourceTree = "<group>"; };
		551C27AB244324600040DC28 /* Werewolf.app */ = {isa = PBXFileReference; explicitFileType = wrapper.application; includeInIndex = 0; path = Werewolf.app; sourceTree = BUILT_PRODUCTS_DIR; };
		551C27AE244324600040DC28 /* AppDelegate.swift */ = {isa = PBXFileReference; lastKnownFileType = sourcecode.swift; path = AppDelegate.swift; sourceTree = "<group>"; };
		551C27B0244324600040DC28 /* SceneDelegate.swift */ = {isa = PBXFileReference; lastKnownFileType = sourcecode.swift; path = SceneDelegate.swift; sourceTree = "<group>"; };
		551C27B3244324600040DC28 /* Smallblueq.xcdatamodel */ = {isa = PBXFileReference; lastKnownFileType = wrapper.xcdatamodel; path = Smallblueq.xcdatamodel; sourceTree = "<group>"; };
		551C27B5244324600040DC28 /* CharacterList.swift */ = {isa = PBXFileReference; lastKnownFileType = sourcecode.swift; path = CharacterList.swift; sourceTree = "<group>"; };
		551C27B7244324640040DC28 /* Assets.xcassets */ = {isa = PBXFileReference; lastKnownFileType = folder.assetcatalog; path = Assets.xcassets; sourceTree = "<group>"; };
		551C27BA244324640040DC28 /* Preview Assets.xcassets */ = {isa = PBXFileReference; lastKnownFileType = folder.assetcatalog; path = "Preview Assets.xcassets"; sourceTree = "<group>"; };
		551C27BD244324640040DC28 /* Base */ = {isa = PBXFileReference; lastKnownFileType = file.storyboard; name = Base; path = Base.lproj/LaunchScreen.storyboard; sourceTree = "<group>"; };
		551C27BF244324640040DC28 /* Info.plist */ = {isa = PBXFileReference; lastKnownFileType = text.plist.xml; path = Info.plist; sourceTree = "<group>"; };
		551C27C524432FCF0040DC28 /* CharacterDetail.swift */ = {isa = PBXFileReference; lastKnownFileType = sourcecode.swift; path = CharacterDetail.swift; sourceTree = "<group>"; };
		551C27C7244330120040DC28 /* Character.swift */ = {isa = PBXFileReference; lastKnownFileType = sourcecode.swift; path = Character.swift; sourceTree = "<group>"; };
		551C27C92443303D0040DC28 /* CharacterData.swift */ = {isa = PBXFileReference; lastKnownFileType = sourcecode.swift; path = CharacterData.swift; sourceTree = "<group>"; };
		551C27CB244357090040DC28 /* CharacterRow.swift */ = {isa = PBXFileReference; lastKnownFileType = sourcecode.swift; path = CharacterRow.swift; sourceTree = "<group>"; };
		551C27CD2443577A0040DC28 /* AppView.swift */ = {isa = PBXFileReference; lastKnownFileType = sourcecode.swift; path = AppView.swift; sourceTree = "<group>"; };
		551C27CF244357E10040DC28 /* CharacterOverview.swift */ = {isa = PBXFileReference; lastKnownFileType = sourcecode.swift; path = CharacterOverview.swift; sourceTree = "<group>"; };
/* End PBXFileReference section */

/* Begin PBXFrameworksBuildPhase section */
		551C27A8244324600040DC28 /* Frameworks */ = {
			isa = PBXFrameworksBuildPhase;
			buildActionMask = 2147483647;
			files = (
			);
			runOnlyForDeploymentPostprocessing = 0;
		};
/* End PBXFrameworksBuildPhase section */

/* Begin PBXGroup section */
		551C27A2244324600040DC28 = {
			isa = PBXGroup;
			children = (
				551C27AD244324600040DC28 /* Smallblueq */,
				551C27AC244324600040DC28 /* Products */,
			);
			sourceTree = "<group>";
		};
		551C27AC244324600040DC28 /* Products */ = {
			isa = PBXGroup;
			children = (
				551C27AB244324600040DC28 /* Werewolf.app */,
			);
			name = Products;
			sourceTree = "<group>";
		};
		551C27AD244324600040DC28 /* Smallblueq */ = {
			isa = PBXGroup;
			children = (
				551C27AE244324600040DC28 /* AppDelegate.swift */,
				551C27B0244324600040DC28 /* SceneDelegate.swift */,
				551C27C92443303D0040DC28 /* CharacterData.swift */,
				551C27B5244324600040DC28 /* CharacterList.swift */,
				551C27C524432FCF0040DC28 /* CharacterDetail.swift */,
				551C27CD2443577A0040DC28 /* AppView.swift */,
				551C27C7244330120040DC28 /* Character.swift */,
				551C27CB244357090040DC28 /* CharacterRow.swift */,
				551C27CF244357E10040DC28 /* CharacterOverview.swift */,
				551C27B7244324640040DC28 /* Assets.xcassets */,
				331402AB24449A2000444ECF /* Werewolf.entitlements */,
				551C27BC244324640040DC28 /* LaunchScreen.storyboard */,
				551C27BF244324640040DC28 /* Info.plist */,
				551C27B2244324600040DC28 /* Smallblueq.xcdatamodeld */,
				551C27B9244324640040DC28 /* Preview Content */,
			);
			path = Smallblueq;
			sourceTree = "<group>";
		};
		551C27B9244324640040DC28 /* Preview Content */ = {
			isa = PBXGroup;
			children = (
				551C27BA244324640040DC28 /* Preview Assets.xcassets */,
			);
			path = "Preview Content";
			sourceTree = "<group>";
		};
/* End PBXGroup section */

/* Begin PBXNativeTarget section */
		551C27AA244324600040DC28 /* Smallblueq */ = {
			isa = PBXNativeTarget;
			buildConfigurationList = 551C27C2244324640040DC28 /* Build configuration list for PBXNativeTarget "Smallblueq" */;
			buildPhases = (
				551C27A7244324600040DC28 /* Sources */,
				551C27A8244324600040DC28 /* Frameworks */,
				551C27A9244324600040DC28 /* Resources */,
			);
			buildRules = (
			);
			dependencies = (
			);
			name = Smallblueq;
			productName = Smallblueq;
			productReference = 551C27AB244324600040DC28 /* Werewolf.app */;
			productType = "com.apple.product-type.application";
		};
/* End PBXNativeTarget section */

/* Begin PBXProject section */
		551C27A3244324600040DC28 /* Project object */ = {
			isa = PBXProject;
			attributes = {
				LastSwiftUpdateCheck = 1110;
				LastUpgradeCheck = 1110;
				ORGANIZATIONNAME = 00657012;
				TargetAttributes = {
					551C27AA244324600040DC28 = {
						CreatedOnToolsVersion = 11.1;
					};
				};
			};
			buildConfigurationList = 551C27A6244324600040DC28 /* Build configuration list for PBXProject "Smallblueq" */;
			compatibilityVersion = "Xcode 9.3";
			developmentRegion = en;
			hasScannedForEncodings = 0;
			knownRegions = (
				en,
				Base,
			);
			mainGroup = 551C27A2244324600040DC28;
			productRefGroup = 551C27AC244324600040DC28 /* Products */;
			projectDirPath = "";
			projectRoot = "";
			targets = (
				551C27AA244324600040DC28 /* Smallblueq */,
			);
		};
/* End PBXProject section */

/* Begin PBXResourcesBuildPhase section */
		551C27A9244324600040DC28 /* Resources */ = {
			isa = PBXResourcesBuildPhase;
			buildActionMask = 2147483647;
			files = (
				551C27BE244324640040DC28 /* LaunchScreen.storyboard in Resources */,
				551C27BB244324640040DC28 /* Preview Assets.xcassets in Resources */,
				551C27B8244324640040DC28 /* Assets.xcassets in Resources */,
			);
			runOnlyForDeploymentPostprocessing = 0;
		};
/* End PBXResourcesBuildPhase section */

/* Begin PBXSourcesBuildPhase section */
		551C27A7244324600040DC28 /* Sources */ = {
			isa = PBXSourcesBuildPhase;
			buildActionMask = 2147483647;
			files = (
				551C27CA2443303D0040DC28 /* CharacterData.swift in Sources */,
				551C27B4244324600040DC28 /* Smallblueq.xcdatamodeld in Sources */,
				551C27CE2443577A0040DC28 /* AppView.swift in Sources */,
				551C27AF244324600040DC28 /* AppDelegate.swift in Sources */,
				551C27C624432FCF0040DC28 /* CharacterDetail.swift in Sources */,
				551C27C8244330120040DC28 /* Character.swift in Sources */,
				551C27B6244324600040DC28 /* CharacterList.swift in Sources */,
				551C27B1244324600040DC28 /* SceneDelegate.swift in Sources */,
				551C27D0244357E10040DC28 /* CharacterOverview.swift in Sources */,
				551C27CC244357090040DC28 /* CharacterRow.swift in Sources */,
			);
			runOnlyForDeploymentPostprocessing = 0;
		};
/* End PBXSourcesBuildPhase section */

/* Begin PBXVariantGroup section */
		551C27BC244324640040DC28 /* LaunchScreen.storyboard */ = {
			isa = PBXVariantGroup;
			children = (
				551C27BD244324640040DC28 /* Base */,
			);
			name = LaunchScreen.storyboard;
			sourceTree = "<group>";
		};
/* End PBXVariantGroup section */

/* Begin XCBuildConfiguration section */
		551C27C0244324640040DC28 /* Debug */ = {
			isa = XCBuildConfiguration;
			buildSettings = {
				ALWAYS_SEARCH_USER_PATHS = NO;
				CLANG_ANALYZER_NONNULL = YES;
				CLANG_ANALYZER_NUMBER_OBJECT_CONVERSION = YES_AGGRESSIVE;
				CLANG_CXX_LANGUAGE_STANDARD = "gnu++14";
				CLANG_CXX_LIBRARY = "libc++";
				CLANG_ENABLE_MODULES = YES;
				CLANG_ENABLE_OBJC_ARC = YES;
				CLANG_ENABLE_OBJC_WEAK = YES;
				CLANG_WARN_BLOCK_CAPTURE_AUTORELEASING = YES;
				CLANG_WARN_BOOL_CONVERSION = YES;
				CLANG_WARN_COMMA = YES;
				CLANG_WARN_CONSTANT_CONVERSION = YES;
				CLANG_WARN_DEPRECATED_OBJC_IMPLEMENTATIONS = YES;
				CLANG_WARN_DIRECT_OBJC_ISA_USAGE = YES_ERROR;
				CLANG_WARN_DOCUMENTATION_COMMENTS = YES;
				CLANG_WARN_EMPTY_BODY = YES;
				CLANG_WARN_ENUM_CONVERSION = YES;
				CLANG_WARN_INFINITE_RECURSION = YES;
				CLANG_WARN_INT_CONVERSION = YES;
				CLANG_WARN_NON_LITERAL_NULL_CONVERSION = YES;
				CLANG_WARN_OBJC_IMPLICIT_RETAIN_SELF = YES;
				CLANG_WARN_OBJC_LITERAL_CONVERSION = YES;
				CLANG_WARN_OBJC_ROOT_CLASS = YES_ERROR;
				CLANG_WARN_RANGE_LOOP_ANALYSIS = YES;
				CLANG_WARN_STRICT_PROTOTYPES = YES;
				CLANG_WARN_SUSPICIOUS_MOVE = YES;
				CLANG_WARN_UNGUARDED_AVAILABILITY = YES_AGGRESSIVE;
				CLANG_WARN_UNREACHABLE_CODE = YES;
				CLANG_WARN__DUPLICATE_METHOD_MATCH = YES;
				COPY_PHASE_STRIP = NO;
				DEBUG_INFORMATION_FORMAT = dwarf;
				ENABLE_STRICT_OBJC_MSGSEND = YES;
				ENABLE_TESTABILITY = YES;
				GCC_C_LANGUAGE_STANDARD = gnu11;
				GCC_DYNAMIC_NO_PIC = NO;
				GCC_NO_COMMON_BLOCKS = YES;
				GCC_OPTIMIZATION_LEVEL = 0;
				GCC_PREPROCESSOR_DEFINITIONS = (
					"DEBUG=1",
					"$(inherited)",
				);
				GCC_WARN_64_TO_32_BIT_CONVERSION = YES;
				GCC_WARN_ABOUT_RETURN_TYPE = YES_ERROR;
				GCC_WARN_UNDECLARED_SELECTOR = YES;
				GCC_WARN_UNINITIALIZED_AUTOS = YES_AGGRESSIVE;
				GCC_WARN_UNUSED_FUNCTION = YES;
				GCC_WARN_UNUSED_VARIABLE = YES;
				IPHONEOS_DEPLOYMENT_TARGET = 13.1;
				MTL_ENABLE_DEBUG_INFO = INCLUDE_SOURCE;
				MTL_FAST_MATH = YES;
				ONLY_ACTIVE_ARCH = YES;
				SDKROOT = iphoneos;
				SWIFT_ACTIVE_COMPILATION_CONDITIONS = DEBUG;
				SWIFT_OPTIMIZATION_LEVEL = "-Onone";
			};
			name = Debug;
		};
		551C27C1244324640040DC28 /* Release */ = {
			isa = XCBuildConfiguration;
			buildSettings = {
				ALWAYS_SEARCH_USER_PATHS = NO;
				CLANG_ANALYZER_NONNULL = YES;
				CLANG_ANALYZER_NUMBER_OBJECT_CONVERSION = YES_AGGRESSIVE;
				CLANG_CXX_LANGUAGE_STANDARD = "gnu++14";
				CLANG_CXX_LIBRARY = "libc++";
				CLANG_ENABLE_MODULES = YES;
				CLANG_ENABLE_OBJC_ARC = YES;
				CLANG_ENABLE_OBJC_WEAK = YES;
				CLANG_WARN_BLOCK_CAPTURE_AUTORELEASING = YES;
				CLANG_WARN_BOOL_CONVERSION = YES;
				CLANG_WARN_COMMA = YES;
				CLANG_WARN_CONSTANT_CONVERSION = YES;
				CLANG_WARN_DEPRECATED_OBJC_IMPLEMENTATIONS = YES;
				CLANG_WARN_DIRECT_OBJC_ISA_USAGE = YES_ERROR;
				CLANG_WARN_DOCUMENTATION_COMMENTS = YES;
				CLANG_WARN_EMPTY_BODY = YES;
				CLANG_WARN_ENUM_CONVERSION = YES;
				CLANG_WARN_INFINITE_RECURSION = YES;
				CLANG_WARN_INT_CONVERSION = YES;
				CLANG_WARN_NON_LITERAL_NULL_CONVERSION = YES;
				CLANG_WARN_OBJC_IMPLICIT_RETAIN_SELF = YES;
				CLANG_WARN_OBJC_LITERAL_CONVERSION = YES;
				CLANG_WARN_OBJC_ROOT_CLASS = YES_ERROR;
				CLANG_WARN_RANGE_LOOP_ANALYSIS = YES;
				CLANG_WARN_STRICT_PROTOTYPES = YES;
				CLANG_WARN_SUSPICIOUS_MOVE = YES;
				CLANG_WARN_UNGUARDED_AVAILABILITY = YES_AGGRESSIVE;
				CLANG_WARN_UNREACHABLE_CODE = YES;
				CLANG_WARN__DUPLICATE_METHOD_MATCH = YES;
				COPY_PHASE_STRIP = NO;
				DEBUG_INFORMATION_FORMAT = "dwarf-with-dsym";
				ENABLE_NS_ASSERTIONS = NO;
				ENABLE_STRICT_OBJC_MSGSEND = YES;
				GCC_C_LANGUAGE_STANDARD = gnu11;
				GCC_NO_COMMON_BLOCKS = YES;
				GCC_WARN_64_TO_32_BIT_CONVERSION = YES;
				GCC_WARN_ABOUT_RETURN_TYPE = YES_ERROR;
				GCC_WARN_UNDECLARED_SELECTOR = YES;
				GCC_WARN_UNINITIALIZED_AUTOS = YES_AGGRESSIVE;
				GCC_WARN_UNUSED_FUNCTION = YES;
				GCC_WARN_UNUSED_VARIABLE = YES;
				IPHONEOS_DEPLOYMENT_TARGET = 13.1;
				MTL_ENABLE_DEBUG_INFO = NO;
				MTL_FAST_MATH = YES;
				SDKROOT = iphoneos;
				SWIFT_COMPILATION_MODE = wholemodule;
				SWIFT_OPTIMIZATION_LEVEL = "-O";
				VALIDATE_PRODUCT = YES;
			};
			name = Release;
		};
		551C27C3244324640040DC28 /* Debug */ = {
			isa = XCBuildConfiguration;
			buildSettings = {
				ASSETCATALOG_COMPILER_APPICON_NAME = AppIcon;
				CODE_SIGN_ENTITLEMENTS = Smallblueq/Werewolf.entitlements;
				CODE_SIGN_STYLE = Automatic;
				DERIVE_MACCATALYST_PRODUCT_BUNDLE_IDENTIFIER = YES;
				DEVELOPMENT_ASSET_PATHS = "\"Smallblueq/Preview Content\"";
				ENABLE_PREVIEWS = YES;
				INFOPLIST_FILE = Smallblueq/Info.plist;
				IPHONEOS_DEPLOYMENT_TARGET = 13.1;
				LD_RUNPATH_SEARCH_PATHS = (
					"$(inherited)",
					"@executable_path/Frameworks",
				);
				PRODUCT_BUNDLE_IDENTIFIER = ntou.Smallblueq;
				PRODUCT_NAME = Werewolf;
				SUPPORTS_MACCATALYST = YES;
				SWIFT_OBJC_INTERFACE_HEADER_NAME = "CharacterIntro-Swift.h";
				SWIFT_VERSION = 5.0;
				TARGETED_DEVICE_FAMILY = "1,2";
			};
			name = Debug;
		};
		551C27C4244324640040DC28 /* Release */ = {
			isa = XCBuildConfiguration;
			buildSettings = {
				ASSETCATALOG_COMPILER_APPICON_NAME = AppIcon;
				CODE_SIGN_ENTITLEMENTS = Smallblueq/Werewolf.entitlements;
				CODE_SIGN_STYLE = Automatic;
				DERIVE_MACCATALYST_PRODUCT_BUNDLE_IDENTIFIER = YES;
				DEVELOPMENT_ASSET_PATHS = "\"Smallblueq/Preview Content\"";
				ENABLE_PREVIEWS = YES;
				INFOPLIST_FILE = Smallblueq/Info.plist;
				IPHONEOS_DEPLOYMENT_TARGET = 13.1;
				LD_RUNPATH_SEARCH_PATHS = (
					"$(inherited)",
					"@executable_path/Frameworks",
				);
				PRODUCT_BUNDLE_IDENTIFIER = ntou.Smallblueq;
				PRODUCT_NAME = Werewolf;
				SUPPORTS_MACCATALYST = YES;
				SWIFT_OBJC_INTERFACE_HEADER_NAME = "CharacterIntro-Swift.h";
				SWIFT_VERSION = 5.0;
				TARGETED_DEVICE_FAMILY = "1,2";
			};
			name = Release;
		};
/* End XCBuildConfiguration section */

/* Begin XCConfigurationList section */
		551C27A6244324600040DC28 /* Build configuration list for PBXProject "Smallblueq" */ = {
			isa = XCConfigurationList;
			buildConfigurations = (
				551C27C0244324640040DC28 /* Debug */,
				551C27C1244324640040DC28 /* Release */,
			);
			defaultConfigurationIsVisible = 0;
			defaultConfigurationName = Release;
		};
		551C27C2244324640040DC28 /* Build configuration list for PBXNativeTarget "Smallblueq" */ = {
			isa = XCConfigurationList;
			buildConfigurations = (
				551C27C3244324640040DC28 /* Debug */,
				551C27C4244324640040DC28 /* Release */,
			);
			defaultConfigurationIsVisible = 0;
			defaultConfigurationName = Release;
		};
/* End XCConfigurationList section */

/* Begin XCVersionGroup section */
		551C27B2244324600040DC28 /* Smallblueq.xcdatamodeld */ = {
			isa = XCVersionGroup;
			children = (
				551C27B3244324600040DC28 /* Smallblueq.xcdatamodel */,
			);
			currentVersion = 551C27B3244324600040DC28 /* Smallblueq.xcdatamodel */;
			path = Smallblueq.xcdatamodeld;
			sourceTree = "<group>";
			versionGroupType = wrapper.xcdatamodel;
		};
/* End XCVersionGroup section */
	};
	rootObject = 551C27A3244324600040DC28 /* Project object */;
}
